
Microsoft Visual Studio Solution File, Format Version 12.00
# Visual Studio Version 16
VisualStudioVersion = 16.0.30804.86
MinimumVisualStudioVersion = 10.0.40219.1
Project("{2150E333-8FDC-42A3-9474-1A3956D46DE8}") = "Tests", "Tests", "{81F0CFB8-65FF-432F-A24B-AA375F426C80}"
EndProject
Project("{2150E333-8FDC-42A3-9474-1A3956D46DE8}") = "Modules", "Modules", "{2CC5DFBF-A81F-459D-A3F6-CD8D16DC551A}"
EndProject
Project("{2150E333-8FDC-42A3-9474-1A3956D46DE8}") = "Services", "Services", "{42599D50-9727-462E-B9C4-A19D7D67C8B7}"
EndProject
Project("{9A19103F-16F7-4668-BE54-9A1E7A4F7556}") = "SIFP", "SIFP\SIFP\SIFP.csproj", "{44D5C3CB-17A8-469E-B359-073C33AA38E7}"
EndProject
Project("{9A19103F-16F7-4668-BE54-9A1E7A4F7556}") = "SIFP.Core", "SIFP\SIFP.Core\SIFP.Core.csproj", "{A501D2D3-5613-4541-9F9A-0D02404248BE}"
EndProject
Project("{9A19103F-16F7-4668-BE54-9A1E7A4F7556}") = "Menu", "SIFP\Modules\Menu\Menu.csproj", "{D07855EB-915C-4C4A-B387-4A3F9F95A92F}"
EndProject
Project("{9A19103F-16F7-4668-BE54-9A1E7A4F7556}") = "Tool", "SIFP\Modules\Tool\Tool.csproj", "{DDCF1551-D3D4-4DF6-A966-8917A48FD0F2}"
EndProject
Project("{9A19103F-16F7-4668-BE54-9A1E7A4F7556}") = "Services.Interfaces", "SIFP\Services\ICommunicationServices\Services.Interfaces.csproj", "{9EA881B5-E40E-48FA-8BF6-1D7DDAF57D46}"
EndProject
Project("{9A19103F-16F7-4668-BE54-9A1E7A4F7556}") = "Services", "SIFP\Services\CommunicationServices\Services.csproj", "{A2DCD509-7755-4D53-9B39-A630AC3583AC}"
EndProject
Project("{9A19103F-16F7-4668-BE54-9A1E7A4F7556}") = "WatchLog", "SIFP\Modules\WatchLog\WatchLog.csproj", "{904776E0-CB29-4EE8-87B3-938CE86F72AB}"
EndProject
Project("{9A19103F-16F7-4668-BE54-9A1E7A4F7556}") = "ConfigCamera", "SIFP\Modules\ConfigCamera\ConfigCamera.csproj", "{EF1C8B57-18EB-4B4B-9865-72BBA1F66A0F}"
EndProject
Project("{9A19103F-16F7-4668-BE54-9A1E7A4F7556}") = "StatusBar", "SIFP\Modules\StatusBar\StatusBar.csproj", "{0B4C0633-9AE0-4D22-B484-51310CA7559C}"
EndProject
Project("{9A19103F-16F7-4668-BE54-9A1E7A4F7556}") = "CaptureDataDialog", "SIFP\Modules\CaptureDataDialog\CaptureDataDialog.csproj", "{EC7ABE85-A6F4-4DCA-8D2C-0110B0393034}"
EndProject
Project("{9A19103F-16F7-4668-BE54-9A1E7A4F7556}") = "WaitingDialog", "SIFP\Modules\WaitingDialog\WaitingDialog.csproj", "{2EF69BF7-FC6B-4972-A2CD-37E80EEC1B9C}"
EndProject
Project("{9A19103F-16F7-4668-BE54-9A1E7A4F7556}") = "PointCloud", "SIFP\Modules\PointCloud\PointCloud.csproj", "{72777311-814A-4725-80B6-0A567930C348}"
EndProject
Project("{9A19103F-16F7-4668-BE54-9A1E7A4F7556}") = "NotificationDialog", "SIFP\Modules\NotificationDialog\NotificationDialog.csproj", "{1B143FA8-C252-46E3-9A48-B9CDFD04EBBF}"
EndProject
Project("{9A19103F-16F7-4668-BE54-9A1E7A4F7556}") = "RegMap", "SIFP\Modules\RegMap\RegMap.csproj", "{0CE4E406-88F1-47BA-BB5F-1F8B939892FB}"
EndProject
Project("{9A19103F-16F7-4668-BE54-9A1E7A4F7556}") = "License", "SIFP\License\License.csproj", "{E95B2709-068D-4AB6-B785-1FC29F6D36E3}"
EndProject
Project("{9A19103F-16F7-4668-BE54-9A1E7A4F7556}") = "CreateLicense", "SIFP\CreateLicense\CreateLicense.csproj", "{89609661-9AAB-4DC4-8F9F-4637BA853F61}"
EndProject
Project("{9A19103F-16F7-4668-BE54-9A1E7A4F7556}") = "VcselDriverDialog", "SIFP\Modules\VcselDriverDialog\VcselDriverDialog.csproj", "{E8289E99-E197-441A-8425-4541CF589BDF}"
EndProject
Project("{9A19103F-16F7-4668-BE54-9A1E7A4F7556}") = "PasswordDialog", "SIFP\Modules\PasswordDialog\PasswordDialog.csproj", "{FCA9F23B-9679-4762-A757-D39EE75147FE}"
EndProject
Project("{9A19103F-16F7-4668-BE54-9A1E7A4F7556}") = "ConifgAlg", "SIFP\Modules\ConifgAlg\ConifgAlg.csproj", "{628D4A73-617B-44C8-B65F-1D4623ACDCC9}"
EndProject
Project("{FAE04EC0-301F-11D3-BF4B-00C04F79EFBC}") = "DummyServer", "SIFP\Tests\DummyServer\DummyServer.csproj", "{99F1AB79-2D61-4B16-9A07-FCF33F5F58B2}"
EndProject
Project("{FAE04EC0-301F-11D3-BF4B-00C04F79EFBC}") = "ConfigArithParams", "SIFP\Modules\ConfigArithParams\ConfigArithParams.csproj", "{4631B66A-8220-446D-8E80-D071C14E82B7}"
EndProject
Global
	GlobalSection(SolutionConfigurationPlatforms) = preSolution
		Debug|Any CPU = Debug|Any CPU
		Release|Any CPU = Release|Any CPU
	EndGlobalSection
	GlobalSection(ProjectConfigurationPlatforms) = postSolution
		{44D5C3CB-17A8-469E-B359-073C33AA38E7}.Debug|Any CPU.ActiveCfg = Debug|Any CPU
		{44D5C3CB-17A8-469E-B359-073C33AA38E7}.Debug|Any CPU.Build.0 = Debug|Any CPU
		{44D5C3CB-17A8-469E-B359-073C33AA38E7}.Release|Any CPU.ActiveCfg = Release|Any CPU
		{44D5C3CB-17A8-469E-B359-073C33AA38E7}.Release|Any CPU.Build.0 = Release|Any CPU
		{A501D2D3-5613-4541-9F9A-0D02404248BE}.Debug|Any CPU.ActiveCfg = Debug|Any CPU
		{A501D2D3-5613-4541-9F9A-0D02404248BE}.Debug|Any CPU.Build.0 = Debug|Any CPU
		{A501D2D3-5613-4541-9F9A-0D02404248BE}.Release|Any CPU.ActiveCfg = Release|Any CPU
		{A501D2D3-5613-4541-9F9A-0D02404248BE}.Release|Any CPU.Build.0 = Release|Any CPU
		{D07855EB-915C-4C4A-B387-4A3F9F95A92F}.Debug|Any CPU.ActiveCfg = Debug|Any CPU
		{D07855EB-915C-4C4A-B387-4A3F9F95A92F}.Debug|Any CPU.Build.0 = Debug|Any CPU
		{D07855EB-915C-4C4A-B387-4A3F9F95A92F}.Release|Any CPU.ActiveCfg = Release|Any CPU
		{D07855EB-915C-4C4A-B387-4A3F9F95A92F}.Release|Any CPU.Build.0 = Release|Any CPU
		{DDCF1551-D3D4-4DF6-A966-8917A48FD0F2}.Debug|Any CPU.ActiveCfg = Debug|Any CPU
		{DDCF1551-D3D4-4DF6-A966-8917A48FD0F2}.Debug|Any CPU.Build.0 = Debug|Any CPU
		{DDCF1551-D3D4-4DF6-A966-8917A48FD0F2}.Release|Any CPU.ActiveCfg = Release|Any CPU
		{DDCF1551-D3D4-4DF6-A966-8917A48FD0F2}.Release|Any CPU.Build.0 = Release|Any CPU
		{9EA881B5-E40E-48FA-8BF6-1D7DDAF57D46}.Debug|Any CPU.ActiveCfg = Debug|Any CPU
		{9EA881B5-E40E-48FA-8BF6-1D7DDAF57D46}.Debug|Any CPU.Build.0 = Debug|Any CPU
		{9EA881B5-E40E-48FA-8BF6-1D7DDAF57D46}.Release|Any CPU.ActiveCfg = Release|Any CPU
		{9EA881B5-E40E-48FA-8BF6-1D7DDAF57D46}.Release|Any CPU.Build.0 = Release|Any CPU
		{A2DCD509-7755-4D53-9B39-A630AC3583AC}.Debug|Any CPU.ActiveCfg = Debug|Any CPU
		{A2DCD509-7755-4D53-9B39-A630AC3583AC}.Debug|Any CPU.Build.0 = Debug|Any CPU
		{A2DCD509-7755-4D53-9B39-A630AC3583AC}.Release|Any CPU.ActiveCfg = Release|Any CPU
		{A2DCD509-7755-4D53-9B39-A630AC3583AC}.Release|Any CPU.Build.0 = Release|Any CPU
		{904776E0-CB29-4EE8-87B3-938CE86F72AB}.Debug|Any CPU.ActiveCfg = Debug|Any CPU
		{904776E0-CB29-4EE8-87B3-938CE86F72AB}.Debug|Any CPU.Build.0 = Debug|Any CPU
		{904776E0-CB29-4EE8-87B3-938CE86F72AB}.Release|Any CPU.ActiveCfg = Release|Any CPU
		{904776E0-CB29-4EE8-87B3-938CE86F72AB}.Release|Any CPU.Build.0 = Release|Any CPU
		{EF1C8B57-18EB-4B4B-9865-72BBA1F66A0F}.Debug|Any CPU.ActiveCfg = Debug|Any CPU
		{EF1C8B57-18EB-4B4B-9865-72BBA1F66A0F}.Debug|Any CPU.Build.0 = Debug|Any CPU
		{EF1C8B57-18EB-4B4B-9865-72BBA1F66A0F}.Release|Any CPU.ActiveCfg = Release|Any CPU
		{EF1C8B57-18EB-4B4B-9865-72BBA1F66A0F}.Release|Any CPU.Build.0 = Release|Any CPU
		{0B4C0633-9AE0-4D22-B484-51310CA7559C}.Debug|Any CPU.ActiveCfg = Debug|Any CPU
		{0B4C0633-9AE0-4D22-B484-51310CA7559C}.Debug|Any CPU.Build.0 = Debug|Any CPU
		{0B4C0633-9AE0-4D22-B484-51310CA7559C}.Release|Any CPU.ActiveCfg = Release|Any CPU
		{0B4C0633-9AE0-4D22-B484-51310CA7559C}.Release|Any CPU.Build.0 = Release|Any CPU
		{EC7ABE85-A6F4-4DCA-8D2C-0110B0393034}.Debug|Any CPU.ActiveCfg = Debug|Any CPU
		{EC7ABE85-A6F4-4DCA-8D2C-0110B0393034}.Debug|Any CPU.Build.0 = Debug|Any CPU
		{EC7ABE85-A6F4-4DCA-8D2C-0110B0393034}.Release|Any CPU.ActiveCfg = Release|Any CPU
		{EC7ABE85-A6F4-4DCA-8D2C-0110B0393034}.Release|Any CPU.Build.0 = Release|Any CPU
		{2EF69BF7-FC6B-4972-A2CD-37E80EEC1B9C}.Debug|Any CPU.ActiveCfg = Debug|Any CPU
		{2EF69BF7-FC6B-4972-A2CD-37E80EEC1B9C}.Debug|Any CPU.Build.0 = Debug|Any CPU
		{2EF69BF7-FC6B-4972-A2CD-37E80EEC1B9C}.Release|Any CPU.ActiveCfg = Release|Any CPU
		{2EF69BF7-FC6B-4972-A2CD-37E80EEC1B9C}.Release|Any CPU.Build.0 = Release|Any CPU
		{72777311-814A-4725-80B6-0A567930C348}.Debug|Any CPU.ActiveCfg = Debug|Any CPU
		{72777311-814A-4725-80B6-0A567930C348}.Debug|Any CPU.Build.0 = Debug|Any CPU
		{72777311-814A-4725-80B6-0A567930C348}.Release|Any CPU.ActiveCfg = Release|Any CPU
		{72777311-814A-4725-80B6-0A567930C348}.Release|Any CPU.Build.0 = Release|Any CPU
		{1B143FA8-C252-46E3-9A48-B9CDFD04EBBF}.Debug|Any CPU.ActiveCfg = Debug|Any CPU
		{1B143FA8-C252-46E3-9A48-B9CDFD04EBBF}.Debug|Any CPU.Build.0 = Debug|Any CPU
		{1B143FA8-C252-46E3-9A48-B9CDFD04EBBF}.Release|Any CPU.ActiveCfg = Release|Any CPU
		{1B143FA8-C252-46E3-9A48-B9CDFD04EBBF}.Release|Any CPU.Build.0 = Release|Any CPU
		{0CE4E406-88F1-47BA-BB5F-1F8B939892FB}.Debug|Any CPU.ActiveCfg = Debug|Any CPU
		{0CE4E406-88F1-47BA-BB5F-1F8B939892FB}.Debug|Any CPU.Build.0 = Debug|Any CPU
		{0CE4E406-88F1-47BA-BB5F-1F8B939892FB}.Release|Any CPU.ActiveCfg = Release|Any CPU
		{0CE4E406-88F1-47BA-BB5F-1F8B939892FB}.Release|Any CPU.Build.0 = Release|Any CPU
		{E95B2709-068D-4AB6-B785-1FC29F6D36E3}.Debug|Any CPU.ActiveCfg = Debug|Any CPU
		{E95B2709-068D-4AB6-B785-1FC29F6D36E3}.Debug|Any CPU.Build.0 = Debug|Any CPU
		{E95B2709-068D-4AB6-B785-1FC29F6D36E3}.Release|Any CPU.ActiveCfg = Release|Any CPU
		{E95B2709-068D-4AB6-B785-1FC29F6D36E3}.Release|Any CPU.Build.0 = Release|Any CPU
		{89609661-9AAB-4DC4-8F9F-4637BA853F61}.Debug|Any CPU.ActiveCfg = Debug|Any CPU
		{89609661-9AAB-4DC4-8F9F-4637BA853F61}.Debug|Any CPU.Build.0 = Debug|Any CPU
		{89609661-9AAB-4DC4-8F9F-4637BA853F61}.Release|Any CPU.ActiveCfg = Release|Any CPU
		{89609661-9AAB-4DC4-8F9F-4637BA853F61}.Release|Any CPU.Build.0 = Release|Any CPU
		{E8289E99-E197-441A-8425-4541CF589BDF}.Debug|Any CPU.ActiveCfg = Debug|Any CPU
		{E8289E99-E197-441A-8425-4541CF589BDF}.Debug|Any CPU.Build.0 = Debug|Any CPU
		{E8289E99-E197-441A-8425-4541CF589BDF}.Release|Any CPU.ActiveCfg = Release|Any CPU
		{E8289E99-E197-441A-8425-4541CF589BDF}.Release|Any CPU.Build.0 = Release|Any CPU
		{FCA9F23B-9679-4762-A757-D39EE75147FE}.Debug|Any CPU.ActiveCfg = Debug|Any CPU
		{FCA9F23B-9679-4762-A757-D39EE75147FE}.Debug|Any CPU.Build.0 = Debug|Any CPU
		{FCA9F23B-9679-4762-A757-D39EE75147FE}.Release|Any CPU.ActiveCfg = Release|Any CPU
		{FCA9F23B-9679-4762-A757-D39EE75147FE}.Release|Any CPU.Build.0 = Release|Any CPU
		{628D4A73-617B-44C8-B65F-1D4623ACDCC9}.Debug|Any CPU.ActiveCfg = Debug|Any CPU
		{628D4A73-617B-44C8-B65F-1D4623ACDCC9}.Debug|Any CPU.Build.0 = Debug|Any CPU
		{628D4A73-617B-44C8-B65F-1D4623ACDCC9}.Release|Any CPU.ActiveCfg = Release|Any CPU
		{628D4A73-617B-44C8-B65F-1D4623ACDCC9}.Release|Any CPU.Build.0 = Release|Any CPU
		{99F1AB79-2D61-4B16-9A07-FCF33F5F58B2}.Debug|Any CPU.ActiveCfg = Debug|Any CPU
		{99F1AB79-2D61-4B16-9A07-FCF33F5F58B2}.Debug|Any CPU.Build.0 = Debug|Any CPU
		{99F1AB79-2D61-4B16-9A07-FCF33F5F58B2}.Release|Any CPU.ActiveCfg = Release|Any CPU
		{99F1AB79-2D61-4B16-9A07-FCF33F5F58B2}.Release|Any CPU.Build.0 = Release|Any CPU
		{4631B66A-8220-446D-8E80-D071C14E82B7}.Debug|Any CPU.ActiveCfg = Debug|Any CPU
		{4631B66A-8220-446D-8E80-D071C14E82B7}.Debug|Any CPU.Build.0 = Debug|Any CPU
		{4631B66A-8220-446D-8E80-D071C14E82B7}.Release|Any CPU.ActiveCfg = Release|Any CPU
		{4631B66A-8220-446D-8E80-D071C14E82B7}.Release|Any CPU.Build.0 = Release|Any CPU
	EndGlobalSection
	GlobalSection(SolutionProperties) = preSolution
		HideSolutionNode = FALSE
	EndGlobalSection
	GlobalSection(NestedProjects) = preSolution
		{D07855EB-915C-4C4A-B387-4A3F9F95A92F} = {2CC5DFBF-A81F-459D-A3F6-CD8D16DC551A}
		{DDCF1551-D3D4-4DF6-A966-8917A48FD0F2} = {2CC5DFBF-A81F-459D-A3F6-CD8D16DC551A}
		{9EA881B5-E40E-48FA-8BF6-1D7DDAF57D46} = {42599D50-9727-462E-B9C4-A19D7D67C8B7}
		{A2DCD509-7755-4D53-9B39-A630AC3583AC} = {42599D50-9727-462E-B9C4-A19D7D67C8B7}
		{904776E0-CB29-4EE8-87B3-938CE86F72AB} = {2CC5DFBF-A81F-459D-A3F6-CD8D16DC551A}
		{EF1C8B57-18EB-4B4B-9865-72BBA1F66A0F} = {2CC5DFBF-A81F-459D-A3F6-CD8D16DC551A}
		{0B4C0633-9AE0-4D22-B484-51310CA7559C} = {2CC5DFBF-A81F-459D-A3F6-CD8D16DC551A}
		{EC7ABE85-A6F4-4DCA-8D2C-0110B0393034} = {2CC5DFBF-A81F-459D-A3F6-CD8D16DC551A}
		{2EF69BF7-FC6B-4972-A2CD-37E80EEC1B9C} = {2CC5DFBF-A81F-459D-A3F6-CD8D16DC551A}
		{72777311-814A-4725-80B6-0A567930C348} = {2CC5DFBF-A81F-459D-A3F6-CD8D16DC551A}
		{1B143FA8-C252-46E3-9A48-B9CDFD04EBBF} = {2CC5DFBF-A81F-459D-A3F6-CD8D16DC551A}
		{0CE4E406-88F1-47BA-BB5F-1F8B939892FB} = {2CC5DFBF-A81F-459D-A3F6-CD8D16DC551A}
		{E8289E99-E197-441A-8425-4541CF589BDF} = {2CC5DFBF-A81F-459D-A3F6-CD8D16DC551A}
		{FCA9F23B-9679-4762-A757-D39EE75147FE} = {2CC5DFBF-A81F-459D-A3F6-CD8D16DC551A}
		{628D4A73-617B-44C8-B65F-1D4623ACDCC9} = {2CC5DFBF-A81F-459D-A3F6-CD8D16DC551A}
		{99F1AB79-2D61-4B16-9A07-FCF33F5F58B2} = {81F0CFB8-65FF-432F-A24B-AA375F426C80}
		{4631B66A-8220-446D-8E80-D071C14E82B7} = {2CC5DFBF-A81F-459D-A3F6-CD8D16DC551A}
	EndGlobalSection
	GlobalSection(ExtensibilityGlobals) = postSolution
		SolutionGuid = {BE17A21F-6118-4EB9-BD8F-BA1574DA4920}
	EndGlobalSection
EndGlobal
